{
  "name": "pz5-nodejs-app",
  "version": "1.0.0",
  "lockfileVersion": 3,
  "requires": true,
  "packages": {
    "": {
      "name": "pz5-nodejs-app",
      "version": "1.0.0",
      "devDependencies": {
        "mocha": "^10.4.0"
      }
    },
    "node_modules/mocha": {
      "version": "10.4.0",
      "resolved": "https://registry.npmjs.org/mocha/-/mocha-10.4.0.tgz",
      "integrity": "sha512-Y+2h1z22R8x6g24T65e7178uP+1tI9gX9Y5wX/9vV4o+x8l18j9i1p/e9b8f5n4w09oP8q+4t0+7q8v0g==",
      "dev": true,
      "bin": {
        "mocha": "bin/mocha.js"
      },
      "engines": {
        "node": ">=18.0.0"
      }
    }
  }
}
